
Microsoft Visual Studio Solution File, Format Version 12.00
# Visual Studio 2010
Project("{FAE04EC0-301F-11D3-BF4B-00C04F79EFBC}") = "ScratchyXna", "ScratchyXna\ScratchyXna.csproj", "{492B5EA4-BDB7-4088-91BA-94FB6AE7CAF2}"
EndProject
Project("{FAE04EC0-301F-11D3-BF4B-00C04F79EFBC}") = "ScratchyXnaPhone", "ScratchyXnaPhone\ScratchyXnaPhone.csproj", "{76704345-239A-4884-A450-5C1AF4017D3E}"
	ProjectSection(ProjectDependencies) = postProject
		{492B5EA4-BDB7-4088-91BA-94FB6AE7CAF2} = {492B5EA4-BDB7-4088-91BA-94FB6AE7CAF2}
	EndProjectSection
EndProject
Project("{FAE04EC0-301F-11D3-BF4B-00C04F79EFBC}") = "ScratchyXnaTests", "ScratchyXnaTests\ScratchyXnaTests.csproj", "{7E755F43-652A-4A27-8392-8BE9749E1E74}"
EndProject
Global
	GlobalSection(SolutionConfigurationPlatforms) = preSolution
		Debug|Any CPU = Debug|Any CPU
		Debug|Mixed Platforms = Debug|Mixed Platforms
		Debug|Windows Phone = Debug|Windows Phone
		Release|Any CPU = Release|Any CPU
		Release|Mixed Platforms = Release|Mixed Platforms
		Release|Windows Phone = Release|Windows Phone
	EndGlobalSection
	GlobalSection(ProjectConfigurationPlatforms) = postSolution
		{492B5EA4-BDB7-4088-91BA-94FB6AE7CAF2}.Debug|Any CPU.ActiveCfg = Debug|Any CPU
		{492B5EA4-BDB7-4088-91BA-94FB6AE7CAF2}.Debug|Any CPU.Build.0 = Debug|Any CPU
		{492B5EA4-BDB7-4088-91BA-94FB6AE7CAF2}.Debug|Mixed Platforms.ActiveCfg = Debug|Any CPU
		{492B5EA4-BDB7-4088-91BA-94FB6AE7CAF2}.Debug|Mixed Platforms.Build.0 = Debug|Any CPU
		{492B5EA4-BDB7-4088-91BA-94FB6AE7CAF2}.Debug|Windows Phone.ActiveCfg = Debug|Any CPU
		{492B5EA4-BDB7-4088-91BA-94FB6AE7CAF2}.Release|Any CPU.ActiveCfg = Release|Any CPU
		{492B5EA4-BDB7-4088-91BA-94FB6AE7CAF2}.Release|Any CPU.Build.0 = Release|Any CPU
		{492B5EA4-BDB7-4088-91BA-94FB6AE7CAF2}.Release|Mixed Platforms.ActiveCfg = Release|Any CPU
		{492B5EA4-BDB7-4088-91BA-94FB6AE7CAF2}.Release|Mixed Platforms.Build.0 = Release|Any CPU
		{492B5EA4-BDB7-4088-91BA-94FB6AE7CAF2}.Release|Windows Phone.ActiveCfg = Release|Any CPU
		{76704345-239A-4884-A450-5C1AF4017D3E}.Debug|Any CPU.ActiveCfg = Debug|Windows Phone
		{76704345-239A-4884-A450-5C1AF4017D3E}.Debug|Mixed Platforms.ActiveCfg = Debug|Windows Phone
		{76704345-239A-4884-A450-5C1AF4017D3E}.Debug|Mixed Platforms.Build.0 = Debug|Windows Phone
		{76704345-239A-4884-A450-5C1AF4017D3E}.Debug|Windows Phone.ActiveCfg = Debug|Windows Phone
		{76704345-239A-4884-A450-5C1AF4017D3E}.Debug|Windows Phone.Build.0 = Debug|Windows Phone
		{76704345-239A-4884-A450-5C1AF4017D3E}.Release|Any CPU.ActiveCfg = Release|Windows Phone
		{76704345-239A-4884-A450-5C1AF4017D3E}.Release|Mixed Platforms.ActiveCfg = Release|Windows Phone
		{76704345-239A-4884-A450-5C1AF4017D3E}.Release|Mixed Platforms.Build.0 = Release|Windows Phone
		{76704345-239A-4884-A450-5C1AF4017D3E}.Release|Windows Phone.ActiveCfg = Release|Windows Phone
		{76704345-239A-4884-A450-5C1AF4017D3E}.Release|Windows Phone.Build.0 = Release|Windows Phone
		{7E755F43-652A-4A27-8392-8BE9749E1E74}.Debug|Any CPU.ActiveCfg = Debug|Any CPU
		{7E755F43-652A-4A27-8392-8BE9749E1E74}.Debug|Any CPU.Build.0 = Debug|Any CPU
		{7E755F43-652A-4A27-8392-8BE9749E1E74}.Debug|Mixed Platforms.ActiveCfg = Debug|Any CPU
		{7E755F43-652A-4A27-8392-8BE9749E1E74}.Debug|Mixed Platforms.Build.0 = Debug|Any CPU
		{7E755F43-652A-4A27-8392-8BE9749E1E74}.Debug|Windows Phone.ActiveCfg = Debug|Any CPU
		{7E755F43-652A-4A27-8392-8BE9749E1E74}.Release|Any CPU.ActiveCfg = Release|Any CPU
		{7E755F43-652A-4A27-8392-8BE9749E1E74}.Release|Any CPU.Build.0 = Release|Any CPU
		{7E755F43-652A-4A27-8392-8BE9749E1E74}.Release|Mixed Platforms.ActiveCfg = Release|Any CPU
		{7E755F43-652A-4A27-8392-8BE9749E1E74}.Release|Mixed Platforms.Build.0 = Release|Any CPU
		{7E755F43-652A-4A27-8392-8BE9749E1E74}.Release|Windows Phone.ActiveCfg = Release|Any CPU
	EndGlobalSection
	GlobalSection(SolutionProperties) = preSolution
		HideSolutionNode = FALSE
	EndGlobalSection
EndGlobal
