
Microsoft Visual Studio Solution File, Format Version 12.00
# Visual Studio 2010
Project("{FAE04EC0-301F-11D3-BF4B-00C04F79EFBC}") = "ScratchyXna", "ScratchyXna\ScratchyXna.csproj", "{492B5EA4-BDB7-4088-91BA-94FB6AE7CAF2}"
EndProject
Project("{FAE04EC0-301F-11D3-BF4B-00C04F79EFBC}") = "ScratchyXnaPhone", "ScratchyXnaPhone\ScratchyXnaPhone.csproj", "{76704345-239A-4884-A450-5C1AF4017D3E}"
	ProjectSection(ProjectDependencies) = postProject
		{492B5EA4-BDB7-4088-91BA-94FB6AE7CAF2} = {492B5EA4-BDB7-4088-91BA-94FB6AE7CAF2}
	EndProjectSection
EndProject
Project("{FAE04EC0-301F-11D3-BF4B-00C04F79EFBC}") = "ScratchyXnaTests", "ScratchyXnaTests\ScratchyXnaTests.csproj", "{7E755F43-652A-4A27-8392-8BE9749E1E74}"
EndProject
Project("{FAE04EC0-301F-11D3-BF4B-00C04F79EFBC}") = "ScratchyDerby", "..\ScratchyDerby\ScratchyDerby\ScratchyDerby.csproj", "{19062A8F-6048-4B3C-88A8-0A537DB80FCB}"
	ProjectSection(ProjectDependencies) = postProject
		{492B5EA4-BDB7-4088-91BA-94FB6AE7CAF2} = {492B5EA4-BDB7-4088-91BA-94FB6AE7CAF2}
	EndProjectSection
EndProject
Project("{FAE04EC0-301F-11D3-BF4B-00C04F79EFBC}") = "ScratchyInvaders", "..\ScratchyInvaders\ScratchyInvaders\ScratchyInvaders.csproj", "{A783F793-3B4B-4793-B377-E8FFA90D59F6}"
	ProjectSection(ProjectDependencies) = postProject
		{492B5EA4-BDB7-4088-91BA-94FB6AE7CAF2} = {492B5EA4-BDB7-4088-91BA-94FB6AE7CAF2}
	EndProjectSection
EndProject
Project("{FAE04EC0-301F-11D3-BF4B-00C04F79EFBC}") = "ScratchyMole-Windows", "..\ScratchyMole\ScratchyMole\ScratchyMole-Windows.csproj", "{2B4442F8-04E0-4755-A99F-4F890C6295F1}"
	ProjectSection(ProjectDependencies) = postProject
		{492B5EA4-BDB7-4088-91BA-94FB6AE7CAF2} = {492B5EA4-BDB7-4088-91BA-94FB6AE7CAF2}
	EndProjectSection
EndProject
Project("{FAE04EC0-301F-11D3-BF4B-00C04F79EFBC}") = "Choplifter", "..\Choplifter\Choplifter\Choplifter.csproj", "{6C9B40A9-822E-45AF-9128-DE299D94B75F}"
	ProjectSection(ProjectDependencies) = postProject
		{492B5EA4-BDB7-4088-91BA-94FB6AE7CAF2} = {492B5EA4-BDB7-4088-91BA-94FB6AE7CAF2}
	EndProjectSection
EndProject
Project("{FAE04EC0-301F-11D3-BF4B-00C04F79EFBC}") = "ChoplifterContent", "..\Choplifter\ChoplifterContent\ChoplifterContent.contentproj", "{94525608-8959-46F0-90A5-B6494137F905}"
EndProject
Global
	GlobalSection(SolutionConfigurationPlatforms) = preSolution
		Debug|Any CPU = Debug|Any CPU
		Debug|Mixed Platforms = Debug|Mixed Platforms
		Debug|Windows Phone = Debug|Windows Phone
		Debug|x86 = Debug|x86
		Release|Any CPU = Release|Any CPU
		Release|Mixed Platforms = Release|Mixed Platforms
		Release|Windows Phone = Release|Windows Phone
		Release|x86 = Release|x86
	EndGlobalSection
	GlobalSection(ProjectConfigurationPlatforms) = postSolution
		{492B5EA4-BDB7-4088-91BA-94FB6AE7CAF2}.Debug|Any CPU.ActiveCfg = Debug|Any CPU
		{492B5EA4-BDB7-4088-91BA-94FB6AE7CAF2}.Debug|Any CPU.Build.0 = Debug|Any CPU
		{492B5EA4-BDB7-4088-91BA-94FB6AE7CAF2}.Debug|Mixed Platforms.ActiveCfg = Debug|Any CPU
		{492B5EA4-BDB7-4088-91BA-94FB6AE7CAF2}.Debug|Mixed Platforms.Build.0 = Debug|Any CPU
		{492B5EA4-BDB7-4088-91BA-94FB6AE7CAF2}.Debug|Windows Phone.ActiveCfg = Debug|Any CPU
		{492B5EA4-BDB7-4088-91BA-94FB6AE7CAF2}.Debug|x86.ActiveCfg = Debug|Any CPU
		{492B5EA4-BDB7-4088-91BA-94FB6AE7CAF2}.Release|Any CPU.ActiveCfg = Release|Any CPU
		{492B5EA4-BDB7-4088-91BA-94FB6AE7CAF2}.Release|Any CPU.Build.0 = Release|Any CPU
		{492B5EA4-BDB7-4088-91BA-94FB6AE7CAF2}.Release|Mixed Platforms.ActiveCfg = Release|Any CPU
		{492B5EA4-BDB7-4088-91BA-94FB6AE7CAF2}.Release|Mixed Platforms.Build.0 = Release|Any CPU
		{492B5EA4-BDB7-4088-91BA-94FB6AE7CAF2}.Release|Windows Phone.ActiveCfg = Release|Any CPU
		{492B5EA4-BDB7-4088-91BA-94FB6AE7CAF2}.Release|x86.ActiveCfg = Release|Any CPU
		{76704345-239A-4884-A450-5C1AF4017D3E}.Debug|Any CPU.ActiveCfg = Debug|Windows Phone
		{76704345-239A-4884-A450-5C1AF4017D3E}.Debug|Mixed Platforms.ActiveCfg = Debug|Windows Phone
		{76704345-239A-4884-A450-5C1AF4017D3E}.Debug|Mixed Platforms.Build.0 = Debug|Windows Phone
		{76704345-239A-4884-A450-5C1AF4017D3E}.Debug|Windows Phone.ActiveCfg = Debug|Windows Phone
		{76704345-239A-4884-A450-5C1AF4017D3E}.Debug|Windows Phone.Build.0 = Debug|Windows Phone
		{76704345-239A-4884-A450-5C1AF4017D3E}.Debug|x86.ActiveCfg = Debug|Windows Phone
		{76704345-239A-4884-A450-5C1AF4017D3E}.Debug|x86.Build.0 = Debug|Windows Phone
		{76704345-239A-4884-A450-5C1AF4017D3E}.Release|Any CPU.ActiveCfg = Release|Windows Phone
		{76704345-239A-4884-A450-5C1AF4017D3E}.Release|Mixed Platforms.ActiveCfg = Release|Windows Phone
		{76704345-239A-4884-A450-5C1AF4017D3E}.Release|Mixed Platforms.Build.0 = Release|Windows Phone
		{76704345-239A-4884-A450-5C1AF4017D3E}.Release|Windows Phone.ActiveCfg = Release|Windows Phone
		{76704345-239A-4884-A450-5C1AF4017D3E}.Release|Windows Phone.Build.0 = Release|Windows Phone
		{76704345-239A-4884-A450-5C1AF4017D3E}.Release|x86.ActiveCfg = Release|Windows Phone
		{76704345-239A-4884-A450-5C1AF4017D3E}.Release|x86.Build.0 = Release|Windows Phone
		{7E755F43-652A-4A27-8392-8BE9749E1E74}.Debug|Any CPU.ActiveCfg = Debug|Any CPU
		{7E755F43-652A-4A27-8392-8BE9749E1E74}.Debug|Any CPU.Build.0 = Debug|Any CPU
		{7E755F43-652A-4A27-8392-8BE9749E1E74}.Debug|Mixed Platforms.ActiveCfg = Debug|Any CPU
		{7E755F43-652A-4A27-8392-8BE9749E1E74}.Debug|Mixed Platforms.Build.0 = Debug|Any CPU
		{7E755F43-652A-4A27-8392-8BE9749E1E74}.Debug|Windows Phone.ActiveCfg = Debug|Any CPU
		{7E755F43-652A-4A27-8392-8BE9749E1E74}.Debug|x86.ActiveCfg = Debug|Any CPU
		{7E755F43-652A-4A27-8392-8BE9749E1E74}.Release|Any CPU.ActiveCfg = Release|Any CPU
		{7E755F43-652A-4A27-8392-8BE9749E1E74}.Release|Any CPU.Build.0 = Release|Any CPU
		{7E755F43-652A-4A27-8392-8BE9749E1E74}.Release|Mixed Platforms.ActiveCfg = Release|Any CPU
		{7E755F43-652A-4A27-8392-8BE9749E1E74}.Release|Mixed Platforms.Build.0 = Release|Any CPU
		{7E755F43-652A-4A27-8392-8BE9749E1E74}.Release|Windows Phone.ActiveCfg = Release|Any CPU
		{7E755F43-652A-4A27-8392-8BE9749E1E74}.Release|x86.ActiveCfg = Release|Any CPU
		{19062A8F-6048-4B3C-88A8-0A537DB80FCB}.Debug|Any CPU.ActiveCfg = Debug|x86
		{19062A8F-6048-4B3C-88A8-0A537DB80FCB}.Debug|Mixed Platforms.ActiveCfg = Debug|x86
		{19062A8F-6048-4B3C-88A8-0A537DB80FCB}.Debug|Mixed Platforms.Build.0 = Debug|x86
		{19062A8F-6048-4B3C-88A8-0A537DB80FCB}.Debug|Windows Phone.ActiveCfg = Debug|x86
		{19062A8F-6048-4B3C-88A8-0A537DB80FCB}.Debug|Windows Phone.Build.0 = Debug|x86
		{19062A8F-6048-4B3C-88A8-0A537DB80FCB}.Debug|x86.ActiveCfg = Debug|x86
		{19062A8F-6048-4B3C-88A8-0A537DB80FCB}.Debug|x86.Build.0 = Debug|x86
		{19062A8F-6048-4B3C-88A8-0A537DB80FCB}.Release|Any CPU.ActiveCfg = Release|x86
		{19062A8F-6048-4B3C-88A8-0A537DB80FCB}.Release|Mixed Platforms.ActiveCfg = Release|x86
		{19062A8F-6048-4B3C-88A8-0A537DB80FCB}.Release|Mixed Platforms.Build.0 = Release|x86
		{19062A8F-6048-4B3C-88A8-0A537DB80FCB}.Release|Windows Phone.ActiveCfg = Release|x86
		{19062A8F-6048-4B3C-88A8-0A537DB80FCB}.Release|Windows Phone.Build.0 = Release|x86
		{19062A8F-6048-4B3C-88A8-0A537DB80FCB}.Release|x86.ActiveCfg = Release|x86
		{19062A8F-6048-4B3C-88A8-0A537DB80FCB}.Release|x86.Build.0 = Release|x86
		{A783F793-3B4B-4793-B377-E8FFA90D59F6}.Debug|Any CPU.ActiveCfg = Debug|x86
		{A783F793-3B4B-4793-B377-E8FFA90D59F6}.Debug|Mixed Platforms.ActiveCfg = Debug|x86
		{A783F793-3B4B-4793-B377-E8FFA90D59F6}.Debug|Mixed Platforms.Build.0 = Debug|x86
		{A783F793-3B4B-4793-B377-E8FFA90D59F6}.Debug|Windows Phone.ActiveCfg = Debug|x86
		{A783F793-3B4B-4793-B377-E8FFA90D59F6}.Debug|x86.ActiveCfg = Debug|x86
		{A783F793-3B4B-4793-B377-E8FFA90D59F6}.Debug|x86.Build.0 = Debug|x86
		{A783F793-3B4B-4793-B377-E8FFA90D59F6}.Release|Any CPU.ActiveCfg = Release|x86
		{A783F793-3B4B-4793-B377-E8FFA90D59F6}.Release|Mixed Platforms.ActiveCfg = Release|x86
		{A783F793-3B4B-4793-B377-E8FFA90D59F6}.Release|Mixed Platforms.Build.0 = Release|x86
		{A783F793-3B4B-4793-B377-E8FFA90D59F6}.Release|Windows Phone.ActiveCfg = Release|x86
		{A783F793-3B4B-4793-B377-E8FFA90D59F6}.Release|x86.ActiveCfg = Release|x86
		{A783F793-3B4B-4793-B377-E8FFA90D59F6}.Release|x86.Build.0 = Release|x86
		{2B4442F8-04E0-4755-A99F-4F890C6295F1}.Debug|Any CPU.ActiveCfg = Debug|x86
		{2B4442F8-04E0-4755-A99F-4F890C6295F1}.Debug|Mixed Platforms.ActiveCfg = Debug|x86
		{2B4442F8-04E0-4755-A99F-4F890C6295F1}.Debug|Mixed Platforms.Build.0 = Debug|x86
		{2B4442F8-04E0-4755-A99F-4F890C6295F1}.Debug|Windows Phone.ActiveCfg = Debug|x86
		{2B4442F8-04E0-4755-A99F-4F890C6295F1}.Debug|x86.ActiveCfg = Debug|x86
		{2B4442F8-04E0-4755-A99F-4F890C6295F1}.Debug|x86.Build.0 = Debug|x86
		{2B4442F8-04E0-4755-A99F-4F890C6295F1}.Release|Any CPU.ActiveCfg = Release|x86
		{2B4442F8-04E0-4755-A99F-4F890C6295F1}.Release|Mixed Platforms.ActiveCfg = Release|x86
		{2B4442F8-04E0-4755-A99F-4F890C6295F1}.Release|Mixed Platforms.Build.0 = Release|x86
		{2B4442F8-04E0-4755-A99F-4F890C6295F1}.Release|Windows Phone.ActiveCfg = Release|x86
		{2B4442F8-04E0-4755-A99F-4F890C6295F1}.Release|x86.ActiveCfg = Release|x86
		{2B4442F8-04E0-4755-A99F-4F890C6295F1}.Release|x86.Build.0 = Release|x86
		{6C9B40A9-822E-45AF-9128-DE299D94B75F}.Debug|Any CPU.ActiveCfg = Debug|x86
		{6C9B40A9-822E-45AF-9128-DE299D94B75F}.Debug|Mixed Platforms.ActiveCfg = Debug|x86
		{6C9B40A9-822E-45AF-9128-DE299D94B75F}.Debug|Mixed Platforms.Build.0 = Debug|x86
		{6C9B40A9-822E-45AF-9128-DE299D94B75F}.Debug|Windows Phone.ActiveCfg = Debug|x86
		{6C9B40A9-822E-45AF-9128-DE299D94B75F}.Debug|x86.ActiveCfg = Debug|x86
		{6C9B40A9-822E-45AF-9128-DE299D94B75F}.Debug|x86.Build.0 = Debug|x86
		{6C9B40A9-822E-45AF-9128-DE299D94B75F}.Release|Any CPU.ActiveCfg = Release|x86
		{6C9B40A9-822E-45AF-9128-DE299D94B75F}.Release|Mixed Platforms.ActiveCfg = Release|x86
		{6C9B40A9-822E-45AF-9128-DE299D94B75F}.Release|Mixed Platforms.Build.0 = Release|x86
		{6C9B40A9-822E-45AF-9128-DE299D94B75F}.Release|Windows Phone.ActiveCfg = Release|x86
		{6C9B40A9-822E-45AF-9128-DE299D94B75F}.Release|x86.ActiveCfg = Release|x86
		{6C9B40A9-822E-45AF-9128-DE299D94B75F}.Release|x86.Build.0 = Release|x86
		{94525608-8959-46F0-90A5-B6494137F905}.Debug|Any CPU.ActiveCfg = Debug|x86
		{94525608-8959-46F0-90A5-B6494137F905}.Debug|Mixed Platforms.ActiveCfg = Debug|x86
		{94525608-8959-46F0-90A5-B6494137F905}.Debug|Windows Phone.ActiveCfg = Debug|x86
		{94525608-8959-46F0-90A5-B6494137F905}.Debug|x86.ActiveCfg = Debug|x86
		{94525608-8959-46F0-90A5-B6494137F905}.Release|Any CPU.ActiveCfg = Release|x86
		{94525608-8959-46F0-90A5-B6494137F905}.Release|Mixed Platforms.ActiveCfg = Release|x86
		{94525608-8959-46F0-90A5-B6494137F905}.Release|Windows Phone.ActiveCfg = Release|x86
		{94525608-8959-46F0-90A5-B6494137F905}.Release|x86.ActiveCfg = Release|x86
	EndGlobalSection
	GlobalSection(SolutionProperties) = preSolution
		HideSolutionNode = FALSE
	EndGlobalSection
EndGlobal
